{
    "Fugue" : {
        "Exposicion" : {
            "Tema" : "T",
            "Contratema" : ["CT1", "CT2"],
            "Entrada" : ["Complementaria", "EC"]
        },
        "Episodio" : "",
        "Desarrollo" : {
            "Tema" : "T",
            "Contratema" : ["CT1", "CT2"]
        },
        "T" : "Episodio",
        "Re-Exposicion" : {
            "Tema" : "T",
            "Contratema" : ["CT1", "CT2"]
        },
        "Coda" : "T"
    }
}